
Microsoft Visual Studio Solution File, Format Version 12.00
# Visual Studio 2013
VisualStudioVersion = 12.0.40629.0
MinimumVisualStudioVersion = 10.0.40219.1
Project("{FAE04EC0-301F-11D3-BF4B-00C04F79EFBC}") = "MeCommerce", "MeCommerce\MeCommerce.csproj", "{F825409D-33D6-4BEE-9E42-ED1A934FE9B3}"
EndProject
Project("{FAE04EC0-301F-11D3-BF4B-00C04F79EFBC}") = "DataModels", "DataModels\DataModels.csproj", "{FC30BDFC-3F74-4323-B5B6-9048C5779EBD}"
EndProject
Project("{FAE04EC0-301F-11D3-BF4B-00C04F79EFBC}") = "Repository", "Repository\Repository.csproj", "{BBC9C7CA-C18D-45F9-812E-2CD072435FFE}"
EndProject
Project("{FAE04EC0-301F-11D3-BF4B-00C04F79EFBC}") = "DomainModels", "DomainModels\DomainModels.csproj", "{111E34BE-1D29-4420-A80A-80B8BCD9D7A7}"
EndProject
Project("{FAE04EC0-301F-11D3-BF4B-00C04F79EFBC}") = "Interfaces", "Interfaces\Interfaces.csproj", "{5BAF3E78-6CEB-427B-89B8-039C4570A163}"
EndProject
Project("{FAE04EC0-301F-11D3-BF4B-00C04F79EFBC}") = "Services", "Services\Services.csproj", "{3E14CFCC-78E3-403A-A5CF-FD23E1B30B16}"
EndProject
Global
	GlobalSection(SolutionConfigurationPlatforms) = preSolution
		Debug|Any CPU = Debug|Any CPU
		Release|Any CPU = Release|Any CPU
	EndGlobalSection
	GlobalSection(ProjectConfigurationPlatforms) = postSolution
		{F825409D-33D6-4BEE-9E42-ED1A934FE9B3}.Debug|Any CPU.ActiveCfg = Debug|Any CPU
		{F825409D-33D6-4BEE-9E42-ED1A934FE9B3}.Debug|Any CPU.Build.0 = Debug|Any CPU
		{F825409D-33D6-4BEE-9E42-ED1A934FE9B3}.Release|Any CPU.ActiveCfg = Release|Any CPU
		{F825409D-33D6-4BEE-9E42-ED1A934FE9B3}.Release|Any CPU.Build.0 = Release|Any CPU
		{FC30BDFC-3F74-4323-B5B6-9048C5779EBD}.Debug|Any CPU.ActiveCfg = Debug|Any CPU
		{FC30BDFC-3F74-4323-B5B6-9048C5779EBD}.Debug|Any CPU.Build.0 = Debug|Any CPU
		{FC30BDFC-3F74-4323-B5B6-9048C5779EBD}.Release|Any CPU.ActiveCfg = Release|Any CPU
		{FC30BDFC-3F74-4323-B5B6-9048C5779EBD}.Release|Any CPU.Build.0 = Release|Any CPU
		{BBC9C7CA-C18D-45F9-812E-2CD072435FFE}.Debug|Any CPU.ActiveCfg = Debug|Any CPU
		{BBC9C7CA-C18D-45F9-812E-2CD072435FFE}.Debug|Any CPU.Build.0 = Debug|Any CPU
		{BBC9C7CA-C18D-45F9-812E-2CD072435FFE}.Release|Any CPU.ActiveCfg = Release|Any CPU
		{BBC9C7CA-C18D-45F9-812E-2CD072435FFE}.Release|Any CPU.Build.0 = Release|Any CPU
		{111E34BE-1D29-4420-A80A-80B8BCD9D7A7}.Debug|Any CPU.ActiveCfg = Debug|Any CPU
		{111E34BE-1D29-4420-A80A-80B8BCD9D7A7}.Debug|Any CPU.Build.0 = Debug|Any CPU
		{111E34BE-1D29-4420-A80A-80B8BCD9D7A7}.Release|Any CPU.ActiveCfg = Release|Any CPU
		{111E34BE-1D29-4420-A80A-80B8BCD9D7A7}.Release|Any CPU.Build.0 = Release|Any CPU
		{5BAF3E78-6CEB-427B-89B8-039C4570A163}.Debug|Any CPU.ActiveCfg = Debug|Any CPU
		{5BAF3E78-6CEB-427B-89B8-039C4570A163}.Debug|Any CPU.Build.0 = Debug|Any CPU
		{5BAF3E78-6CEB-427B-89B8-039C4570A163}.Release|Any CPU.ActiveCfg = Release|Any CPU
		{5BAF3E78-6CEB-427B-89B8-039C4570A163}.Release|Any CPU.Build.0 = Release|Any CPU
		{3E14CFCC-78E3-403A-A5CF-FD23E1B30B16}.Debug|Any CPU.ActiveCfg = Debug|Any CPU
		{3E14CFCC-78E3-403A-A5CF-FD23E1B30B16}.Debug|Any CPU.Build.0 = Debug|Any CPU
		{3E14CFCC-78E3-403A-A5CF-FD23E1B30B16}.Release|Any CPU.ActiveCfg = Release|Any CPU
		{3E14CFCC-78E3-403A-A5CF-FD23E1B30B16}.Release|Any CPU.Build.0 = Release|Any CPU
	EndGlobalSection
	GlobalSection(SolutionProperties) = preSolution
		HideSolutionNode = FALSE
	EndGlobalSection
EndGlobal
